
Microsoft Visual Studio Solution File, Format Version 12.00
# Visual Studio Version 17
VisualStudioVersion = 17.3.32901.215
MinimumVisualStudioVersion = 10.0.40219.1
Project("{FAE04EC0-301F-11D3-BF4B-00C04F79EFBC}") = "zmeika", "zmeika\zmeika.csproj", "{12683C7D-C74F-4DF5-92D9-C2A88109D697}"
EndProject
Global
	GlobalSection(SolutionConfigurationPlatforms) = preSolution
		Debug|Any CPU = Debug|Any CPU
		Release|Any CPU = Release|Any CPU
	EndGlobalSection
	GlobalSection(ProjectConfigurationPlatforms) = postSolution
		{12683C7D-C74F-4DF5-92D9-C2A88109D697}.Debug|Any CPU.ActiveCfg = Debug|Any CPU
		{12683C7D-C74F-4DF5-92D9-C2A88109D697}.Debug|Any CPU.Build.0 = Debug|Any CPU
		{12683C7D-C74F-4DF5-92D9-C2A88109D697}.Release|Any CPU.ActiveCfg = Release|Any CPU
		{12683C7D-C74F-4DF5-92D9-C2A88109D697}.Release|Any CPU.Build.0 = Release|Any CPU
	EndGlobalSection
	GlobalSection(SolutionProperties) = preSolution
		HideSolutionNode = FALSE
	EndGlobalSection
	GlobalSection(ExtensibilityGlobals) = postSolution
		SolutionGuid = {C10B976F-62A9-4067-95FA-35E634F0AE88}
	EndGlobalSection
EndGlobal
